
Microsoft Visual Studio Solution File, Format Version 12.00
# Visual Studio Version 16
VisualStudioVersion = 16.0.31025.194
MinimumVisualStudioVersion = 10.0.40219.1
Project("{FAE04EC0-301F-11D3-BF4B-00C04F79EFBC}") = "Core", "Core\Core.csproj", "{783D1216-E2D1-45D9-AE32-33CCE92FF6D3}"
EndProject
Project("{FAE04EC0-301F-11D3-BF4B-00C04F79EFBC}") = "Business", "Business\Business.csproj", "{42DE6F9D-FB95-4519-98F9-276F47AD7E20}"
EndProject
Project("{FAE04EC0-301F-11D3-BF4B-00C04F79EFBC}") = "DataAccess", "DataAccess\DataAccess.csproj", "{86C5D0DB-4858-493E-9D79-6F5F5A248D07}"
EndProject
Project("{FAE04EC0-301F-11D3-BF4B-00C04F79EFBC}") = "Entities", "Entities\Entities.csproj", "{8DBEC9B7-B1E7-42FE-A7A6-284544EF3151}"
EndProject
Global
	GlobalSection(SolutionConfigurationPlatforms) = preSolution
		Debug|Any CPU = Debug|Any CPU
		Release|Any CPU = Release|Any CPU
	EndGlobalSection
	GlobalSection(ProjectConfigurationPlatforms) = postSolution
		{783D1216-E2D1-45D9-AE32-33CCE92FF6D3}.Debug|Any CPU.ActiveCfg = Debug|Any CPU
		{783D1216-E2D1-45D9-AE32-33CCE92FF6D3}.Debug|Any CPU.Build.0 = Debug|Any CPU
		{783D1216-E2D1-45D9-AE32-33CCE92FF6D3}.Release|Any CPU.ActiveCfg = Release|Any CPU
		{783D1216-E2D1-45D9-AE32-33CCE92FF6D3}.Release|Any CPU.Build.0 = Release|Any CPU
		{42DE6F9D-FB95-4519-98F9-276F47AD7E20}.Debug|Any CPU.ActiveCfg = Debug|Any CPU
		{42DE6F9D-FB95-4519-98F9-276F47AD7E20}.Debug|Any CPU.Build.0 = Debug|Any CPU
		{42DE6F9D-FB95-4519-98F9-276F47AD7E20}.Release|Any CPU.ActiveCfg = Release|Any CPU
		{42DE6F9D-FB95-4519-98F9-276F47AD7E20}.Release|Any CPU.Build.0 = Release|Any CPU
		{86C5D0DB-4858-493E-9D79-6F5F5A248D07}.Debug|Any CPU.ActiveCfg = Debug|Any CPU
		{86C5D0DB-4858-493E-9D79-6F5F5A248D07}.Debug|Any CPU.Build.0 = Debug|Any CPU
		{86C5D0DB-4858-493E-9D79-6F5F5A248D07}.Release|Any CPU.ActiveCfg = Release|Any CPU
		{86C5D0DB-4858-493E-9D79-6F5F5A248D07}.Release|Any CPU.Build.0 = Release|Any CPU
		{8DBEC9B7-B1E7-42FE-A7A6-284544EF3151}.Debug|Any CPU.ActiveCfg = Debug|Any CPU
		{8DBEC9B7-B1E7-42FE-A7A6-284544EF3151}.Debug|Any CPU.Build.0 = Debug|Any CPU
		{8DBEC9B7-B1E7-42FE-A7A6-284544EF3151}.Release|Any CPU.ActiveCfg = Release|Any CPU
		{8DBEC9B7-B1E7-42FE-A7A6-284544EF3151}.Release|Any CPU.Build.0 = Release|Any CPU
	EndGlobalSection
	GlobalSection(SolutionProperties) = preSolution
		HideSolutionNode = FALSE
	EndGlobalSection
	GlobalSection(ExtensibilityGlobals) = postSolution
		SolutionGuid = {3BC7ABAB-B7EB-4762-8AB3-AECB1D40F0F2}
	EndGlobalSection
EndGlobal
